// !$*UTF8*$!
{
	archiveVersion = 1;
	classes = {
	};
	objectVersion = 50;
	objects = {

/* Begin PBXBuildFile section */
		FD1498232070DCC500300AAD /* basaha-2.png in Resources */ = {isa = PBXBuildFile; fileRef = FD1497ED2070DCC500300AAD /* basaha-2.png */; };
		FD1498242070DCC500300AAD /* peach.png in Resources */ = {isa = PBXBuildFile; fileRef = FD1497EE2070DCC500300AAD /* peach.png */; };
		FD1498252070DCC500300AAD /* basaha-1.png in Resources */ = {isa = PBXBuildFile; fileRef = FD1497EF2070DCC500300AAD /* basaha-1.png */; };
		FD1498262070DCC500300AAD /* flash.png in Resources */ = {isa = PBXBuildFile; fileRef = FD1497F02070DCC500300AAD /* flash.png */; };
		FD1498272070DCC500300AAD /* quit.png in Resources */ = {isa = PBXBuildFile; fileRef = FD1497F12070DCC500300AAD /* quit.png */; };
		FD1498282070DCC500300AAD /* xf.png in Resources */ = {isa = PBXBuildFile; fileRef = FD1497F22070DCC500300AAD /* xf.png */; };
		FD1498292070DCC500300AAD /* home-mask.png in Resources */ = {isa = PBXBuildFile; fileRef = FD1497F32070DCC500300AAD /* home-mask.png */; };
		FD14982A2070DCC500300AAD /* index.html in Resources */ = {isa = PBXBuildFile; fileRef = FD1497F42070DCC500300AAD /* index.html */; };
		FD14982B2070DCC500300AAD /* home-desc.png in Resources */ = {isa = PBXBuildFile; fileRef = FD1497F52070DCC500300AAD /* home-desc.png */; };
		FD14982C2070DCC500300AAD /* start.mp3 in Resources */ = {isa = PBXBuildFile; fileRef = FD1497F62070DCC500300AAD /* start.mp3 */; };
		FD14982D2070DCC500300AAD /* all.js in Resources */ = {isa = PBXBuildFile; fileRef = FD1497F72070DCC500300AAD /* all.js */; };
		FD14982E2070DCC500300AAD /* sandia.png in Resources */ = {isa = PBXBuildFile; fileRef = FD1497F82070DCC500300AAD /* sandia.png */; };
		FD14982F2070DCC500300AAD /* x.png in Resources */ = {isa = PBXBuildFile; fileRef = FD1497F92070DCC500300AAD /* x.png */; };
		FD1498302070DCC500300AAD /* throw.ogg in Resources */ = {isa = PBXBuildFile; fileRef = FD1497FA2070DCC500300AAD /* throw.ogg */; };
		FD1498312070DCC500300AAD /* boom.png in Resources */ = {isa = PBXBuildFile; fileRef = FD1497FB2070DCC500300AAD /* boom.png */; };
		FD1498322070DCC500300AAD /* menu.mp3 in Resources */ = {isa = PBXBuildFile; fileRef = FD1497FC2070DCC500300AAD /* menu.mp3 */; };
		FD1498332070DCC500300AAD /* over.ogg in Resources */ = {isa = PBXBuildFile; fileRef = FD1497FD2070DCC500300AAD /* over.ogg */; };
		FD1498342070DCC500300AAD /* game-over.png in Resources */ = {isa = PBXBuildFile; fileRef = FD1497FE2070DCC500300AAD /* game-over.png */; };
		FD1498352070DCC500300AAD /* boom.ogg in Resources */ = {isa = PBXBuildFile; fileRef = FD1497FF2070DCC500300AAD /* boom.ogg */; };
		FD1498362070DCC500300AAD /* developing.png in Resources */ = {isa = PBXBuildFile; fileRef = FD1498002070DCC500300AAD /* developing.png */; };
		FD1498372070DCC500300AAD /* basaha.png in Resources */ = {isa = PBXBuildFile; fileRef = FD1498012070DCC500300AAD /* basaha.png */; };
		FD1498382070DCC500300AAD /* index.css in Resources */ = {isa = PBXBuildFile; fileRef = FD1498022070DCC500300AAD /* index.css */; };
		FD1498392070DCC500300AAD /* splatter.ogg in Resources */ = {isa = PBXBuildFile; fileRef = FD1498032070DCC500300AAD /* splatter.ogg */; };
		FD14983A2070DCC500300AAD /* background.jpg in Resources */ = {isa = PBXBuildFile; fileRef = FD1498042070DCC500300AAD /* background.jpg */; };
		FD14983B2070DCC500300AAD /* lose.png in Resources */ = {isa = PBXBuildFile; fileRef = FD1498052070DCC500300AAD /* lose.png */; };
		FD14983C2070DCC500300AAD /* xxx.png in Resources */ = {isa = PBXBuildFile; fileRef = FD1498062070DCC500300AAD /* xxx.png */; };
		FD14983D2070DCC500300AAD /* throw.mp3 in Resources */ = {isa = PBXBuildFile; fileRef = FD1498072070DCC500300AAD /* throw.mp3 */; };
		FD14983E2070DCC500300AAD /* apple.png in Resources */ = {isa = PBXBuildFile; fileRef = FD1498082070DCC500300AAD /* apple.png */; };
		FD14983F2070DCC500300AAD /* score.png in Resources */ = {isa = PBXBuildFile; fileRef = FD1498092070DCC500300AAD /* score.png */; };
		FD1498402070DCC500300AAD /* start.ogg in Resources */ = {isa = PBXBuildFile; fileRef = FD14980A2070DCC500300AAD /* start.ogg */; };
		FD1498412070DCC500300AAD /* logo.png in Resources */ = {isa = PBXBuildFile; fileRef = FD14980B2070DCC500300AAD /* logo.png */; };
		FD1498422070DCC500300AAD /* ninja.png in Resources */ = {isa = PBXBuildFile; fileRef = FD14980C2070DCC500300AAD /* ninja.png */; };
		FD1498432070DCC500300AAD /* new-game.png in Resources */ = {isa = PBXBuildFile; fileRef = FD14980D2070DCC500300AAD /* new-game.png */; };
		FD1498442070DCC500300AAD /* apple-2.png in Resources */ = {isa = PBXBuildFile; fileRef = FD14980E2070DCC500300AAD /* apple-2.png */; };
		FD1498452070DCC500300AAD /* sandia-1.png in Resources */ = {isa = PBXBuildFile; fileRef = FD14980F2070DCC500300AAD /* sandia-1.png */; };
		FD1498462070DCC500300AAD /* new.png in Resources */ = {isa = PBXBuildFile; fileRef = FD1498102070DCC500300AAD /* new.png */; };
		FD1498472070DCC500300AAD /* smoke.png in Resources */ = {isa = PBXBuildFile; fileRef = FD1498112070DCC500300AAD /* smoke.png */; };
		FD1498482070DCC500300AAD /* apple-1.png in Resources */ = {isa = PBXBuildFile; fileRef = FD1498122070DCC500300AAD /* apple-1.png */; };
		FD1498492070DCC500300AAD /* sandia-2.png in Resources */ = {isa = PBXBuildFile; fileRef = FD1498132070DCC500300AAD /* sandia-2.png */; };
		FD14984A2070DCC500300AAD /* xxf.png in Resources */ = {isa = PBXBuildFile; fileRef = FD1498142070DCC500300AAD /* xxf.png */; };
		FD14984B2070DCC500300AAD /* splatter.mp3 in Resources */ = {isa = PBXBuildFile; fileRef = FD1498152070DCC500300AAD /* splatter.mp3 */; };
		FD14984C2070DCC500300AAD /* blank.gif in Resources */ = {isa = PBXBuildFile; fileRef = FD1498162070DCC500300AAD /* blank.gif */; };
		FD14984D2070DCC500300AAD /* banana-1.png in Resources */ = {isa = PBXBuildFile; fileRef = FD1498172070DCC500300AAD /* banana-1.png */; };
		FD14984E2070DCC500300AAD /* banana.png in Resources */ = {isa = PBXBuildFile; fileRef = FD1498182070DCC500300AAD /* banana.png */; };
		FD14984F2070DCC500300AAD /* banana-2.png in Resources */ = {isa = PBXBuildFile; fileRef = FD1498192070DCC500300AAD /* banana-2.png */; };
		FD1498502070DCC500300AAD /* shadow.png in Resources */ = {isa = PBXBuildFile; fileRef = FD14981A2070DCC500300AAD /* shadow.png */; };
		FD1498512070DCC500300AAD /* dojo.png in Resources */ = {isa = PBXBuildFile; fileRef = FD14981B2070DCC500300AAD /* dojo.png */; };
		FD1498522070DCC500300AAD /* xx.png in Resources */ = {isa = PBXBuildFile; fileRef = FD14981C2070DCC500300AAD /* xx.png */; };
		FD1498532070DCC500300AAD /* over.mp3 in Resources */ = {isa = PBXBuildFile; fileRef = FD14981D2070DCC500300AAD /* over.mp3 */; };
		FD1498542070DCC500300AAD /* peach-2.png in Resources */ = {isa = PBXBuildFile; fileRef = FD14981E2070DCC500300AAD /* peach-2.png */; };
		FD1498552070DCC500300AAD /* xxxf.png in Resources */ = {isa = PBXBuildFile; fileRef = FD14981F2070DCC500300AAD /* xxxf.png */; };
		FD1498562070DCC500300AAD /* boom.mp3 in Resources */ = {isa = PBXBuildFile; fileRef = FD1498202070DCC500300AAD /* boom.mp3 */; };
		FD1498572070DCC500300AAD /* menu.ogg in Resources */ = {isa = PBXBuildFile; fileRef = FD1498212070DCC500300AAD /* menu.ogg */; };
		FD1498582070DCC500300AAD /* peach-1.png in Resources */ = {isa = PBXBuildFile; fileRef = FD1498222070DCC500300AAD /* peach-1.png */; };
		FD418DD22070873400ED7312 /* AppDelegate.swift in Sources */ = {isa = PBXBuildFile; fileRef = FD418DD12070873400ED7312 /* AppDelegate.swift */; };
		FD418DD42070873400ED7312 /* ViewController.swift in Sources */ = {isa = PBXBuildFile; fileRef = FD418DD32070873400ED7312 /* ViewController.swift */; };
		FD418DD72070873400ED7312 /* Main.storyboard in Resources */ = {isa = PBXBuildFile; fileRef = FD418DD52070873400ED7312 /* Main.storyboard */; };
		FD418DD92070873500ED7312 /* Assets.xcassets in Resources */ = {isa = PBXBuildFile; fileRef = FD418DD82070873500ED7312 /* Assets.xcassets */; };
		FD418DDC2070873500ED7312 /* LaunchScreen.storyboard in Resources */ = {isa = PBXBuildFile; fileRef = FD418DDA2070873500ED7312 /* LaunchScreen.storyboard */; };
		FD418DE72070873500ED7312 /* H5GameTests.swift in Sources */ = {isa = PBXBuildFile; fileRef = FD418DE62070873500ED7312 /* H5GameTests.swift */; };
		FD418DF22070873500ED7312 /* H5GameUITests.swift in Sources */ = {isa = PBXBuildFile; fileRef = FD418DF12070873500ED7312 /* H5GameUITests.swift */; };
		FD418E7520708E6100ED7312 /* H5ViewController.swift in Sources */ = {isa = PBXBuildFile; fileRef = FD418E7420708E6100ED7312 /* H5ViewController.swift */; };
/* End PBXBuildFile section */

/* Begin PBXContainerItemProxy section */
		FD418DE32070873500ED7312 /* PBXContainerItemProxy */ = {
			isa = PBXContainerItemProxy;
			containerPortal = FD418DC62070873300ED7312 /* Project object */;
			proxyType = 1;
			remoteGlobalIDString = FD418DCD2070873400ED7312;
			remoteInfo = H5Game;
		};
		FD418DEE2070873500ED7312 /* PBXContainerItemProxy */ = {
			isa = PBXContainerItemProxy;
			containerPortal = FD418DC62070873300ED7312 /* Project object */;
			proxyType = 1;
			remoteGlobalIDString = FD418DCD2070873400ED7312;
			remoteInfo = H5Game;
		};
/* End PBXContainerItemProxy section */

/* Begin PBXFileReference section */
		FD1497ED2070DCC500300AAD /* basaha-2.png */ = {isa = PBXFileReference; lastKnownFileType = image.png; path = "basaha-2.png"; sourceTree = "<group>"; };
		FD1497EE2070DCC500300AAD /* peach.png */ = {isa = PBXFileReference; lastKnownFileType = image.png; path = peach.png; sourceTree = "<group>"; };
		FD1497EF2070DCC500300AAD /* basaha-1.png */ = {isa = PBXFileReference; lastKnownFileType = image.png; path = "basaha-1.png"; sourceTree = "<group>"; };
		FD1497F02070DCC500300AAD /* flash.png */ = {isa = PBXFileReference; lastKnownFileType = image.png; path = flash.png; sourceTree = "<group>"; };
		FD1497F12070DCC500300AAD /* quit.png */ = {isa = PBXFileReference; lastKnownFileType = image.png; path = quit.png; sourceTree = "<group>"; };
		FD1497F22070DCC500300AAD /* xf.png */ = {isa = PBXFileReference; lastKnownFileType = image.png; path = xf.png; sourceTree = "<group>"; };
		FD1497F32070DCC500300AAD /* home-mask.png */ = {isa = PBXFileReference; lastKnownFileType = image.png; path = "home-mask.png"; sourceTree = "<group>"; };
		FD1497F42070DCC500300AAD /* index.html */ = {isa = PBXFileReference; fileEncoding = 4; lastKnownFileType = text.html; path = index.html; sourceTree = "<group>"; };
		FD1497F52070DCC500300AAD /* home-desc.png */ = {isa = PBXFileReference; lastKnownFileType = image.png; path = "home-desc.png"; sourceTree = "<group>"; };
		FD1497F62070DCC500300AAD /* start.mp3 */ = {isa = PBXFileReference; lastKnownFileType = audio.mp3; path = start.mp3; sourceTree = "<group>"; };
		FD1497F72070DCC500300AAD /* all.js */ = {isa = PBXFileReference; fileEncoding = 4; lastKnownFileType = sourcecode.javascript; path = all.js; sourceTree = "<group>"; };
		FD1497F82070DCC500300AAD /* sandia.png */ = {isa = PBXFileReference; lastKnownFileType = image.png; path = sandia.png; sourceTree = "<group>"; };
		FD1497F92070DCC500300AAD /* x.png */ = {isa = PBXFileReference; lastKnownFileType = image.png; path = x.png; sourceTree = "<group>"; };
		FD1497FA2070DCC500300AAD /* throw.ogg */ = {isa = PBXFileReference; lastKnownFileType = file; path = throw.ogg; sourceTree = "<group>"; };
		FD1497FB2070DCC500300AAD /* boom.png */ = {isa = PBXFileReference; lastKnownFileType = image.png; path = boom.png; sourceTree = "<group>"; };
		FD1497FC2070DCC500300AAD /* menu.mp3 */ = {isa = PBXFileReference; lastKnownFileType = audio.mp3; path = menu.mp3; sourceTree = "<group>"; };
		FD1497FD2070DCC500300AAD /* over.ogg */ = {isa = PBXFileReference; lastKnownFileType = file; path = over.ogg; sourceTree = "<group>"; };
		FD1497FE2070DCC500300AAD /* game-over.png */ = {isa = PBXFileReference; lastKnownFileType = image.png; path = "game-over.png"; sourceTree = "<group>"; };
		FD1497FF2070DCC500300AAD /* boom.ogg */ = {isa = PBXFileReference; lastKnownFileType = file; path = boom.ogg; sourceTree = "<group>"; };
		FD1498002070DCC500300AAD /* developing.png */ = {isa = PBXFileReference; lastKnownFileType = image.png; path = developing.png; sourceTree = "<group>"; };
		FD1498012070DCC500300AAD /* basaha.png */ = {isa = PBXFileReference; lastKnownFileType = image.png; path = basaha.png; sourceTree = "<group>"; };
		FD1498022070DCC500300AAD /* index.css */ = {isa = PBXFileReference; fileEncoding = 4; lastKnownFileType = text.css; path = index.css; sourceTree = "<group>"; };
		FD1498032070DCC500300AAD /* splatter.ogg */ = {isa = PBXFileReference; lastKnownFileType = file; path = splatter.ogg; sourceTree = "<group>"; };
		FD1498042070DCC500300AAD /* background.jpg */ = {isa = PBXFileReference; lastKnownFileType = image.jpeg; path = background.jpg; sourceTree = "<group>"; };
		FD1498052070DCC500300AAD /* lose.png */ = {isa = PBXFileReference; lastKnownFileType = image.png; path = lose.png; sourceTree = "<group>"; };
		FD1498062070DCC500300AAD /* xxx.png */ = {isa = PBXFileReference; lastKnownFileType = image.png; path = xxx.png; sourceTree = "<group>"; };
		FD1498072070DCC500300AAD /* throw.mp3 */ = {isa = PBXFileReference; lastKnownFileType = audio.mp3; path = throw.mp3; sourceTree = "<group>"; };
		FD1498082070DCC500300AAD /* apple.png */ = {isa = PBXFileReference; lastKnownFileType = image.png; path = apple.png; sourceTree = "<group>"; };
		FD1498092070DCC500300AAD /* score.png */ = {isa = PBXFileReference; lastKnownFileType = image.png; path = score.png; sourceTree = "<group>"; };
		FD14980A2070DCC500300AAD /* start.ogg */ = {isa = PBXFileReference; lastKnownFileType = file; path = start.ogg; sourceTree = "<group>"; };
		FD14980B2070DCC500300AAD /* logo.png */ = {isa = PBXFileReference; lastKnownFileType = image.png; path = logo.png; sourceTree = "<group>"; };
		FD14980C2070DCC500300AAD /* ninja.png */ = {isa = PBXFileReference; lastKnownFileType = image.png; path = ninja.png; sourceTree = "<group>"; };
		FD14980D2070DCC500300AAD /* new-game.png */ = {isa = PBXFileReference; lastKnownFileType = image.png; path = "new-game.png"; sourceTree = "<group>"; };
		FD14980E2070DCC500300AAD /* apple-2.png */ = {isa = PBXFileReference; lastKnownFileType = image.png; path = "apple-2.png"; sourceTree = "<group>"; };
		FD14980F2070DCC500300AAD /* sandia-1.png */ = {isa = PBXFileReference; lastKnownFileType = image.png; path = "sandia-1.png"; sourceTree = "<group>"; };
		FD1498102070DCC500300AAD /* new.png */ = {isa = PBXFileReference; lastKnownFileType = image.png; path = new.png; sourceTree = "<group>"; };
		FD1498112070DCC500300AAD /* smoke.png */ = {isa = PBXFileReference; lastKnownFileType = image.png; path = smoke.png; sourceTree = "<group>"; };
		FD1498122070DCC500300AAD /* apple-1.png */ = {isa = PBXFileReference; lastKnownFileType = image.png; path = "apple-1.png"; sourceTree = "<group>"; };
		FD1498132070DCC500300AAD /* sandia-2.png */ = {isa = PBXFileReference; lastKnownFileType = image.png; path = "sandia-2.png"; sourceTree = "<group>"; };
		FD1498142070DCC500300AAD /* xxf.png */ = {isa = PBXFileReference; lastKnownFileType = image.png; path = xxf.png; sourceTree = "<group>"; };
		FD1498152070DCC500300AAD /* splatter.mp3 */ = {isa = PBXFileReference; lastKnownFileType = audio.mp3; path = splatter.mp3; sourceTree = "<group>"; };
		FD1498162070DCC500300AAD /* blank.gif */ = {isa = PBXFileReference; lastKnownFileType = image.gif; path = blank.gif; sourceTree = "<group>"; };
		FD1498172070DCC500300AAD /* banana-1.png */ = {isa = PBXFileReference; lastKnownFileType = image.png; path = "banana-1.png"; sourceTree = "<group>"; };
		FD1498182070DCC500300AAD /* banana.png */ = {isa = PBXFileReference; lastKnownFileType = image.png; path = banana.png; sourceTree = "<group>"; };
		FD1498192070DCC500300AAD /* banana-2.png */ = {isa = PBXFileReference; lastKnownFileType = image.png; path = "banana-2.png"; sourceTree = "<group>"; };
		FD14981A2070DCC500300AAD /* shadow.png */ = {isa = PBXFileReference; lastKnownFileType = image.png; path = shadow.png; sourceTree = "<group>"; };
		FD14981B2070DCC500300AAD /* dojo.png */ = {isa = PBXFileReference; lastKnownFileType = image.png; path = dojo.png; sourceTree = "<group>"; };
		FD14981C2070DCC500300AAD /* xx.png */ = {isa = PBXFileReference; lastKnownFileType = image.png; path = xx.png; sourceTree = "<group>"; };
		FD14981D2070DCC500300AAD /* over.mp3 */ = {isa = PBXFileReference; lastKnownFileType = audio.mp3; path = over.mp3; sourceTree = "<group>"; };
		FD14981E2070DCC500300AAD /* peach-2.png */ = {isa = PBXFileReference; lastKnownFileType = image.png; path = "peach-2.png"; sourceTree = "<group>"; };
		FD14981F2070DCC500300AAD /* xxxf.png */ = {isa = PBXFileReference; lastKnownFileType = image.png; path = xxxf.png; sourceTree = "<group>"; };
		FD1498202070DCC500300AAD /* boom.mp3 */ = {isa = PBXFileReference; lastKnownFileType = audio.mp3; path = boom.mp3; sourceTree = "<group>"; };
		FD1498212070DCC500300AAD /* menu.ogg */ = {isa = PBXFileReference; lastKnownFileType = file; path = menu.ogg; sourceTree = "<group>"; };
		FD1498222070DCC500300AAD /* peach-1.png */ = {isa = PBXFileReference; lastKnownFileType = image.png; path = "peach-1.png"; sourceTree = "<group>"; };
		FD418DCE2070873400ED7312 /* H5Game.app */ = {isa = PBXFileReference; explicitFileType = wrapper.application; includeInIndex = 0; path = H5Game.app; sourceTree = BUILT_PRODUCTS_DIR; };
		FD418DD12070873400ED7312 /* AppDelegate.swift */ = {isa = PBXFileReference; lastKnownFileType = sourcecode.swift; path = AppDelegate.swift; sourceTree = "<group>"; };
		FD418DD32070873400ED7312 /* ViewController.swift */ = {isa = PBXFileReference; lastKnownFileType = sourcecode.swift; path = ViewController.swift; sourceTree = "<group>"; };
		FD418DD62070873400ED7312 /* Base */ = {isa = PBXFileReference; lastKnownFileType = file.storyboard; name = Base; path = Base.lproj/Main.storyboard; sourceTree = "<group>"; };
		FD418DD82070873500ED7312 /* Assets.xcassets */ = {isa = PBXFileReference; lastKnownFileType = folder.assetcatalog; path = Assets.xcassets; sourceTree = "<group>"; };
		FD418DDB2070873500ED7312 /* Base */ = {isa = PBXFileReference; lastKnownFileType = file.storyboard; name = Base; path = Base.lproj/LaunchScreen.storyboard; sourceTree = "<group>"; };
		FD418DDD2070873500ED7312 /* Info.plist */ = {isa = PBXFileReference; lastKnownFileType = text.plist.xml; path = Info.plist; sourceTree = "<group>"; };
		FD418DE22070873500ED7312 /* H5GameTests.xctest */ = {isa = PBXFileReference; explicitFileType = wrapper.cfbundle; includeInIndex = 0; path = H5GameTests.xctest; sourceTree = BUILT_PRODUCTS_DIR; };
		FD418DE62070873500ED7312 /* H5GameTests.swift */ = {isa = PBXFileReference; lastKnownFileType = sourcecode.swift; path = H5GameTests.swift; sourceTree = "<group>"; };
		FD418DE82070873500ED7312 /* Info.plist */ = {isa = PBXFileReference; lastKnownFileType = text.plist.xml; path = Info.plist; sourceTree = "<group>"; };
		FD418DED2070873500ED7312 /* H5GameUITests.xctest */ = {isa = PBXFileReference; explicitFileType = wrapper.cfbundle; includeInIndex = 0; path = H5GameUITests.xctest; sourceTree = BUILT_PRODUCTS_DIR; };
		FD418DF12070873500ED7312 /* H5GameUITests.swift */ = {isa = PBXFileReference; lastKnownFileType = sourcecode.swift; path = H5GameUITests.swift; sourceTree = "<group>"; };
		FD418DF32070873500ED7312 /* Info.plist */ = {isa = PBXFileReference; lastKnownFileType = text.plist.xml; path = Info.plist; sourceTree = "<group>"; };
		FD418E7420708E6100ED7312 /* H5ViewController.swift */ = {isa = PBXFileReference; lastKnownFileType = sourcecode.swift; path = H5ViewController.swift; sourceTree = "<group>"; };
/* End PBXFileReference section */

/* Begin PBXFrameworksBuildPhase section */
		FD418DCB2070873400ED7312 /* Frameworks */ = {
			isa = PBXFrameworksBuildPhase;
			buildActionMask = 2147483647;
			files = (
			);
			runOnlyForDeploymentPostprocessing = 0;
		};
		FD418DDF2070873500ED7312 /* Frameworks */ = {
			isa = PBXFrameworksBuildPhase;
			buildActionMask = 2147483647;
			files = (
			);
			runOnlyForDeploymentPostprocessing = 0;
		};
		FD418DEA2070873500ED7312 /* Frameworks */ = {
			isa = PBXFrameworksBuildPhase;
			buildActionMask = 2147483647;
			files = (
			);
			runOnlyForDeploymentPostprocessing = 0;
		};
/* End PBXFrameworksBuildPhase section */

/* Begin PBXGroup section */
		FD1497EC2070DCC500300AAD /* html5-fruit-ninja */ = {
			isa = PBXGroup;
			children = (
				FD1497ED2070DCC500300AAD /* basaha-2.png */,
				FD1497EE2070DCC500300AAD /* peach.png */,
				FD1497EF2070DCC500300AAD /* basaha-1.png */,
				FD1497F02070DCC500300AAD /* flash.png */,
				FD1497F12070DCC500300AAD /* quit.png */,
				FD1497F22070DCC500300AAD /* xf.png */,
				FD1497F32070DCC500300AAD /* home-mask.png */,
				FD1497F42070DCC500300AAD /* index.html */,
				FD1497F52070DCC500300AAD /* home-desc.png */,
				FD1497F62070DCC500300AAD /* start.mp3 */,
				FD1497F72070DCC500300AAD /* all.js */,
				FD1497F82070DCC500300AAD /* sandia.png */,
				FD1497F92070DCC500300AAD /* x.png */,
				FD1497FA2070DCC500300AAD /* throw.ogg */,
				FD1497FB2070DCC500300AAD /* boom.png */,
				FD1497FC2070DCC500300AAD /* menu.mp3 */,
				FD1497FD2070DCC500300AAD /* over.ogg */,
				FD1497FE2070DCC500300AAD /* game-over.png */,
				FD1497FF2070DCC500300AAD /* boom.ogg */,
				FD1498002070DCC500300AAD /* developing.png */,
				FD1498012070DCC500300AAD /* basaha.png */,
				FD1498022070DCC500300AAD /* index.css */,
				FD1498032070DCC500300AAD /* splatter.ogg */,
				FD1498042070DCC500300AAD /* background.jpg */,
				FD1498052070DCC500300AAD /* lose.png */,
				FD1498062070DCC500300AAD /* xxx.png */,
				FD1498072070DCC500300AAD /* throw.mp3 */,
				FD1498082070DCC500300AAD /* apple.png */,
				FD1498092070DCC500300AAD /* score.png */,
				FD14980A2070DCC500300AAD /* start.ogg */,
				FD14980B2070DCC500300AAD /* logo.png */,
				FD14980C2070DCC500300AAD /* ninja.png */,
				FD14980D2070DCC500300AAD /* new-game.png */,
				FD14980E2070DCC500300AAD /* apple-2.png */,
				FD14980F2070DCC500300AAD /* sandia-1.png */,
				FD1498102070DCC500300AAD /* new.png */,
				FD1498112070DCC500300AAD /* smoke.png */,
				FD1498122070DCC500300AAD /* apple-1.png */,
				FD1498132070DCC500300AAD /* sandia-2.png */,
				FD1498142070DCC500300AAD /* xxf.png */,
				FD1498152070DCC500300AAD /* splatter.mp3 */,
				FD1498162070DCC500300AAD /* blank.gif */,
				FD1498172070DCC500300AAD /* banana-1.png */,
				FD1498182070DCC500300AAD /* banana.png */,
				FD1498192070DCC500300AAD /* banana-2.png */,
				FD14981A2070DCC500300AAD /* shadow.png */,
				FD14981B2070DCC500300AAD /* dojo.png */,
				FD14981C2070DCC500300AAD /* xx.png */,
				FD14981D2070DCC500300AAD /* over.mp3 */,
				FD14981E2070DCC500300AAD /* peach-2.png */,
				FD14981F2070DCC500300AAD /* xxxf.png */,
				FD1498202070DCC500300AAD /* boom.mp3 */,
				FD1498212070DCC500300AAD /* menu.ogg */,
				FD1498222070DCC500300AAD /* peach-1.png */,
			);
			path = "html5-fruit-ninja";
			sourceTree = "<group>";
		};
		FD418DC52070873300ED7312 = {
			isa = PBXGroup;
			children = (
				FD418DD02070873400ED7312 /* H5Game */,
				FD418DE52070873500ED7312 /* H5GameTests */,
				FD418DF02070873500ED7312 /* H5GameUITests */,
				FD418DCF2070873400ED7312 /* Products */,
			);
			sourceTree = "<group>";
		};
		FD418DCF2070873400ED7312 /* Products */ = {
			isa = PBXGroup;
			children = (
				FD418DCE2070873400ED7312 /* H5Game.app */,
				FD418DE22070873500ED7312 /* H5GameTests.xctest */,
				FD418DED2070873500ED7312 /* H5GameUITests.xctest */,
			);
			name = Products;
			sourceTree = "<group>";
		};
		FD418DD02070873400ED7312 /* H5Game */ = {
			isa = PBXGroup;
			children = (
				FD418E00207088DB00ED7312 /* H5Resource */,
				FD418DD12070873400ED7312 /* AppDelegate.swift */,
				FD418DD32070873400ED7312 /* ViewController.swift */,
				FD418E7420708E6100ED7312 /* H5ViewController.swift */,
				FD418DD52070873400ED7312 /* Main.storyboard */,
				FD418DD82070873500ED7312 /* Assets.xcassets */,
				FD418DDA2070873500ED7312 /* LaunchScreen.storyboard */,
				FD418DDD2070873500ED7312 /* Info.plist */,
			);
			path = H5Game;
			sourceTree = "<group>";
		};
		FD418DE52070873500ED7312 /* H5GameTests */ = {
			isa = PBXGroup;
			children = (
				FD418DE62070873500ED7312 /* H5GameTests.swift */,
				FD418DE82070873500ED7312 /* Info.plist */,
			);
			path = H5GameTests;
			sourceTree = "<group>";
		};
		FD418DF02070873500ED7312 /* H5GameUITests */ = {
			isa = PBXGroup;
			children = (
				FD418DF12070873500ED7312 /* H5GameUITests.swift */,
				FD418DF32070873500ED7312 /* Info.plist */,
			);
			path = H5GameUITests;
			sourceTree = "<group>";
		};
		FD418E00207088DB00ED7312 /* H5Resource */ = {
			isa = PBXGroup;
			children = (
				FD1497EC2070DCC500300AAD /* html5-fruit-ninja */,
			);
			path = H5Resource;
			sourceTree = "<group>";
		};
/* End PBXGroup section */

/* Begin PBXNativeTarget section */
		FD418DCD2070873400ED7312 /* H5Game */ = {
			isa = PBXNativeTarget;
			buildConfigurationList = FD418DF62070873500ED7312 /* Build configuration list for PBXNativeTarget "H5Game" */;
			buildPhases = (
				FD418DCA2070873400ED7312 /* Sources */,
				FD418DCB2070873400ED7312 /* Frameworks */,
				FD418DCC2070873400ED7312 /* Resources */,
			);
			buildRules = (
			);
			dependencies = (
			);
			name = H5Game;
			productName = H5Game;
			productReference = FD418DCE2070873400ED7312 /* H5Game.app */;
			productType = "com.apple.product-type.application";
		};
		FD418DE12070873500ED7312 /* H5GameTests */ = {
			isa = PBXNativeTarget;
			buildConfigurationList = FD418DF92070873500ED7312 /* Build configuration list for PBXNativeTarget "H5GameTests" */;
			buildPhases = (
				FD418DDE2070873500ED7312 /* Sources */,
				FD418DDF2070873500ED7312 /* Frameworks */,
				FD418DE02070873500ED7312 /* Resources */,
			);
			buildRules = (
			);
			dependencies = (
				FD418DE42070873500ED7312 /* PBXTargetDependency */,
			);
			name = H5GameTests;
			productName = H5GameTests;
			productReference = FD418DE22070873500ED7312 /* H5GameTests.xctest */;
			productType = "com.apple.product-type.bundle.unit-test";
		};
		FD418DEC2070873500ED7312 /* H5GameUITests */ = {
			isa = PBXNativeTarget;
			buildConfigurationList = FD418DFC2070873500ED7312 /* Build configuration list for PBXNativeTarget "H5GameUITests" */;
			buildPhases = (
				FD418DE92070873500ED7312 /* Sources */,
				FD418DEA2070873500ED7312 /* Frameworks */,
				FD418DEB2070873500ED7312 /* Resources */,
			);
			buildRules = (
			);
			dependencies = (
				FD418DEF2070873500ED7312 /* PBXTargetDependency */,
			);
			name = H5GameUITests;
			productName = H5GameUITests;
			productReference = FD418DED2070873500ED7312 /* H5GameUITests.xctest */;
			productType = "com.apple.product-type.bundle.ui-testing";
		};
/* End PBXNativeTarget section */

/* Begin PBXProject section */
		FD418DC62070873300ED7312 /* Project object */ = {
			isa = PBXProject;
			attributes = {
				LastSwiftUpdateCheck = 0930;
				LastUpgradeCheck = 0930;
				ORGANIZATIONNAME = 222;
				TargetAttributes = {
					FD418DCD2070873400ED7312 = {
						CreatedOnToolsVersion = 9.3;
					};
					FD418DE12070873500ED7312 = {
						CreatedOnToolsVersion = 9.3;
						TestTargetID = FD418DCD2070873400ED7312;
					};
					FD418DEC2070873500ED7312 = {
						CreatedOnToolsVersion = 9.3;
						TestTargetID = FD418DCD2070873400ED7312;
					};
				};
			};
			buildConfigurationList = FD418DC92070873300ED7312 /* Build configuration list for PBXProject "H5Game" */;
			compatibilityVersion = "Xcode 9.3";
			developmentRegion = en;
			hasScannedForEncodings = 0;
			knownRegions = (
				en,
				Base,
			);
			mainGroup = FD418DC52070873300ED7312;
			productRefGroup = FD418DCF2070873400ED7312 /* Products */;
			projectDirPath = "";
			projectRoot = "";
			targets = (
				FD418DCD2070873400ED7312 /* H5Game */,
				FD418DE12070873500ED7312 /* H5GameTests */,
				FD418DEC2070873500ED7312 /* H5GameUITests */,
			);
		};
/* End PBXProject section */

/* Begin PBXResourcesBuildPhase section */
		FD418DCC2070873400ED7312 /* Resources */ = {
			isa = PBXResourcesBuildPhase;
			buildActionMask = 2147483647;
			files = (
				FD14984A2070DCC500300AAD /* xxf.png in Resources */,
				FD14983A2070DCC500300AAD /* background.jpg in Resources */,
				FD1498532070DCC500300AAD /* over.mp3 in Resources */,
				FD1498502070DCC500300AAD /* shadow.png in Resources */,
				FD1498352070DCC500300AAD /* boom.ogg in Resources */,
				FD1498542070DCC500300AAD /* peach-2.png in Resources */,
				FD1498562070DCC500300AAD /* boom.mp3 in Resources */,
				FD1498442070DCC500300AAD /* apple-2.png in Resources */,
				FD1498462070DCC500300AAD /* new.png in Resources */,
				FD1498482070DCC500300AAD /* apple-1.png in Resources */,
				FD14982F2070DCC500300AAD /* x.png in Resources */,
				FD1498262070DCC500300AAD /* flash.png in Resources */,
				FD1498582070DCC500300AAD /* peach-1.png in Resources */,
				FD1498312070DCC500300AAD /* boom.png in Resources */,
				FD14982B2070DCC500300AAD /* home-desc.png in Resources */,
				FD1498512070DCC500300AAD /* dojo.png in Resources */,
				FD14982A2070DCC500300AAD /* index.html in Resources */,
				FD1498382070DCC500300AAD /* index.css in Resources */,
				FD14984D2070DCC500300AAD /* banana-1.png in Resources */,
				FD14983E2070DCC500300AAD /* apple.png in Resources */,
				FD1498302070DCC500300AAD /* throw.ogg in Resources */,
				FD14984F2070DCC500300AAD /* banana-2.png in Resources */,
				FD1498282070DCC500300AAD /* xf.png in Resources */,
				FD14983C2070DCC500300AAD /* xxx.png in Resources */,
				FD1498452070DCC500300AAD /* sandia-1.png in Resources */,
				FD418DDC2070873500ED7312 /* LaunchScreen.storyboard in Resources */,
				FD1498242070DCC500300AAD /* peach.png in Resources */,
				FD418DD92070873500ED7312 /* Assets.xcassets in Resources */,
				FD1498252070DCC500300AAD /* basaha-1.png in Resources */,
				FD1498432070DCC500300AAD /* new-game.png in Resources */,
				FD1498422070DCC500300AAD /* ninja.png in Resources */,
				FD1498552070DCC500300AAD /* xxxf.png in Resources */,
				FD14982D2070DCC500300AAD /* all.js in Resources */,
				FD1498372070DCC500300AAD /* basaha.png in Resources */,
				FD14982E2070DCC500300AAD /* sandia.png in Resources */,
				FD14984E2070DCC500300AAD /* banana.png in Resources */,
				FD1498392070DCC500300AAD /* splatter.ogg in Resources */,
				FD1498292070DCC500300AAD /* home-mask.png in Resources */,
				FD14982C2070DCC500300AAD /* start.mp3 in Resources */,
				FD1498522070DCC500300AAD /* xx.png in Resources */,
				FD1498492070DCC500300AAD /* sandia-2.png in Resources */,
				FD1498572070DCC500300AAD /* menu.ogg in Resources */,
				FD1498472070DCC500300AAD /* smoke.png in Resources */,
				FD1498412070DCC500300AAD /* logo.png in Resources */,
				FD1498332070DCC500300AAD /* over.ogg in Resources */,
				FD1498232070DCC500300AAD /* basaha-2.png in Resources */,
				FD14983F2070DCC500300AAD /* score.png in Resources */,
				FD1498402070DCC500300AAD /* start.ogg in Resources */,
				FD14983D2070DCC500300AAD /* throw.mp3 in Resources */,
				FD14983B2070DCC500300AAD /* lose.png in Resources */,
				FD14984C2070DCC500300AAD /* blank.gif in Resources */,
				FD1498362070DCC500300AAD /* developing.png in Resources */,
				FD1498272070DCC500300AAD /* quit.png in Resources */,
				FD1498322070DCC500300AAD /* menu.mp3 in Resources */,
				FD14984B2070DCC500300AAD /* splatter.mp3 in Resources */,
				FD1498342070DCC500300AAD /* game-over.png in Resources */,
				FD418DD72070873400ED7312 /* Main.storyboard in Resources */,
			);
			runOnlyForDeploymentPostprocessing = 0;
		};
		FD418DE02070873500ED7312 /* Resources */ = {
			isa = PBXResourcesBuildPhase;
			buildActionMask = 2147483647;
			files = (
			);
			runOnlyForDeploymentPostprocessing = 0;
		};
		FD418DEB2070873500ED7312 /* Resources */ = {
			isa = PBXResourcesBuildPhase;
			buildActionMask = 2147483647;
			files = (
			);
			runOnlyForDeploymentPostprocessing = 0;
		};
/* End PBXResourcesBuildPhase section */

/* Begin PBXSourcesBuildPhase section */
		FD418DCA2070873400ED7312 /* Sources */ = {
			isa = PBXSourcesBuildPhase;
			buildActionMask = 2147483647;
			files = (
				FD418DD42070873400ED7312 /* ViewController.swift in Sources */,
				FD418E7520708E6100ED7312 /* H5ViewController.swift in Sources */,
				FD418DD22070873400ED7312 /* AppDelegate.swift in Sources */,
			);
			runOnlyForDeploymentPostprocessing = 0;
		};
		FD418DDE2070873500ED7312 /* Sources */ = {
			isa = PBXSourcesBuildPhase;
			buildActionMask = 2147483647;
			files = (
				FD418DE72070873500ED7312 /* H5GameTests.swift in Sources */,
			);
			runOnlyForDeploymentPostprocessing = 0;
		};
		FD418DE92070873500ED7312 /* Sources */ = {
			isa = PBXSourcesBuildPhase;
			buildActionMask = 2147483647;
			files = (
				FD418DF22070873500ED7312 /* H5GameUITests.swift in Sources */,
			);
			runOnlyForDeploymentPostprocessing = 0;
		};
/* End PBXSourcesBuildPhase section */

/* Begin PBXTargetDependency section */
		FD418DE42070873500ED7312 /* PBXTargetDependency */ = {
			isa = PBXTargetDependency;
			target = FD418DCD2070873400ED7312 /* H5Game */;
			targetProxy = FD418DE32070873500ED7312 /* PBXContainerItemProxy */;
		};
		FD418DEF2070873500ED7312 /* PBXTargetDependency */ = {
			isa = PBXTargetDependency;
			target = FD418DCD2070873400ED7312 /* H5Game */;
			targetProxy = FD418DEE2070873500ED7312 /* PBXContainerItemProxy */;
		};
/* End PBXTargetDependency section */

/* Begin PBXVariantGroup section */
		FD418DD52070873400ED7312 /* Main.storyboard */ = {
			isa = PBXVariantGroup;
			children = (
				FD418DD62070873400ED7312 /* Base */,
			);
			name = Main.storyboard;
			sourceTree = "<group>";
		};
		FD418DDA2070873500ED7312 /* LaunchScreen.storyboard */ = {
			isa = PBXVariantGroup;
			children = (
				FD418DDB2070873500ED7312 /* Base */,
			);
			name = LaunchScreen.storyboard;
			sourceTree = "<group>";
		};
/* End PBXVariantGroup section */

/* Begin XCBuildConfiguration section */
		FD418DF42070873500ED7312 /* Debug */ = {
			isa = XCBuildConfiguration;
			buildSettings = {
				ALWAYS_SEARCH_USER_PATHS = NO;
				CLANG_ANALYZER_NONNULL = YES;
				CLANG_ANALYZER_NUMBER_OBJECT_CONVERSION = YES_AGGRESSIVE;
				CLANG_CXX_LANGUAGE_STANDARD = "gnu++14";
				CLANG_CXX_LIBRARY = "libc++";
				CLANG_ENABLE_MODULES = YES;
				CLANG_ENABLE_OBJC_ARC = YES;
				CLANG_ENABLE_OBJC_WEAK = YES;
				CLANG_WARN_BLOCK_CAPTURE_AUTORELEASING = YES;
				CLANG_WARN_BOOL_CONVERSION = YES;
				CLANG_WARN_COMMA = YES;
				CLANG_WARN_CONSTANT_CONVERSION = YES;
				CLANG_WARN_DEPRECATED_OBJC_IMPLEMENTATIONS = YES;
				CLANG_WARN_DIRECT_OBJC_ISA_USAGE = YES_ERROR;
				CLANG_WARN_DOCUMENTATION_COMMENTS = YES;
				CLANG_WARN_EMPTY_BODY = YES;
				CLANG_WARN_ENUM_CONVERSION = YES;
				CLANG_WARN_INFINITE_RECURSION = YES;
				CLANG_WARN_INT_CONVERSION = YES;
				CLANG_WARN_NON_LITERAL_NULL_CONVERSION = YES;
				CLANG_WARN_OBJC_IMPLICIT_RETAIN_SELF = YES;
				CLANG_WARN_OBJC_LITERAL_CONVERSION = YES;
				CLANG_WARN_OBJC_ROOT_CLASS = YES_ERROR;
				CLANG_WARN_RANGE_LOOP_ANALYSIS = YES;
				CLANG_WARN_STRICT_PROTOTYPES = YES;
				CLANG_WARN_SUSPICIOUS_MOVE = YES;
				CLANG_WARN_UNGUARDED_AVAILABILITY = YES_AGGRESSIVE;
				CLANG_WARN_UNREACHABLE_CODE = YES;
				CLANG_WARN__DUPLICATE_METHOD_MATCH = YES;
				CODE_SIGN_IDENTITY = "iPhone Developer";
				COPY_PHASE_STRIP = NO;
				DEBUG_INFORMATION_FORMAT = dwarf;
				ENABLE_STRICT_OBJC_MSGSEND = YES;
				ENABLE_TESTABILITY = YES;
				GCC_C_LANGUAGE_STANDARD = gnu11;
				GCC_DYNAMIC_NO_PIC = NO;
				GCC_NO_COMMON_BLOCKS = YES;
				GCC_OPTIMIZATION_LEVEL = 0;
				GCC_PREPROCESSOR_DEFINITIONS = (
					"DEBUG=1",
					"$(inherited)",
				);
				GCC_WARN_64_TO_32_BIT_CONVERSION = YES;
				GCC_WARN_ABOUT_RETURN_TYPE = YES_ERROR;
				GCC_WARN_UNDECLARED_SELECTOR = YES;
				GCC_WARN_UNINITIALIZED_AUTOS = YES_AGGRESSIVE;
				GCC_WARN_UNUSED_FUNCTION = YES;
				GCC_WARN_UNUSED_VARIABLE = YES;
				IPHONEOS_DEPLOYMENT_TARGET = 11.0;
				MTL_ENABLE_DEBUG_INFO = YES;
				ONLY_ACTIVE_ARCH = YES;
				SDKROOT = iphoneos;
				SWIFT_ACTIVE_COMPILATION_CONDITIONS = DEBUG;
				SWIFT_OPTIMIZATION_LEVEL = "-Onone";
			};
			name = Debug;
		};
		FD418DF52070873500ED7312 /* Release */ = {
			isa = XCBuildConfiguration;
			buildSettings = {
				ALWAYS_SEARCH_USER_PATHS = NO;
				CLANG_ANALYZER_NONNULL = YES;
				CLANG_ANALYZER_NUMBER_OBJECT_CONVERSION = YES_AGGRESSIVE;
				CLANG_CXX_LANGUAGE_STANDARD = "gnu++14";
				CLANG_CXX_LIBRARY = "libc++";
				CLANG_ENABLE_MODULES = YES;
				CLANG_ENABLE_OBJC_ARC = YES;
				CLANG_ENABLE_OBJC_WEAK = YES;
				CLANG_WARN_BLOCK_CAPTURE_AUTORELEASING = YES;
				CLANG_WARN_BOOL_CONVERSION = YES;
				CLANG_WARN_COMMA = YES;
				CLANG_WARN_CONSTANT_CONVERSION = YES;
				CLANG_WARN_DEPRECATED_OBJC_IMPLEMENTATIONS = YES;
				CLANG_WARN_DIRECT_OBJC_ISA_USAGE = YES_ERROR;
				CLANG_WARN_DOCUMENTATION_COMMENTS = YES;
				CLANG_WARN_EMPTY_BODY = YES;
				CLANG_WARN_ENUM_CONVERSION = YES;
				CLANG_WARN_INFINITE_RECURSION = YES;
				CLANG_WARN_INT_CONVERSION = YES;
				CLANG_WARN_NON_LITERAL_NULL_CONVERSION = YES;
				CLANG_WARN_OBJC_IMPLICIT_RETAIN_SELF = YES;
				CLANG_WARN_OBJC_LITERAL_CONVERSION = YES;
				CLANG_WARN_OBJC_ROOT_CLASS = YES_ERROR;
				CLANG_WARN_RANGE_LOOP_ANALYSIS = YES;
				CLANG_WARN_STRICT_PROTOTYPES = YES;
				CLANG_WARN_SUSPICIOUS_MOVE = YES;
				CLANG_WARN_UNGUARDED_AVAILABILITY = YES_AGGRESSIVE;
				CLANG_WARN_UNREACHABLE_CODE = YES;
				CLANG_WARN__DUPLICATE_METHOD_MATCH = YES;
				CODE_SIGN_IDENTITY = "iPhone Developer";
				COPY_PHASE_STRIP = NO;
				DEBUG_INFORMATION_FORMAT = "dwarf-with-dsym";
				ENABLE_NS_ASSERTIONS = NO;
				ENABLE_STRICT_OBJC_MSGSEND = YES;
				GCC_C_LANGUAGE_STANDARD = gnu11;
				GCC_NO_COMMON_BLOCKS = YES;
				GCC_WARN_64_TO_32_BIT_CONVERSION = YES;
				GCC_WARN_ABOUT_RETURN_TYPE = YES_ERROR;
				GCC_WARN_UNDECLARED_SELECTOR = YES;
				GCC_WARN_UNINITIALIZED_AUTOS = YES_AGGRESSIVE;
				GCC_WARN_UNUSED_FUNCTION = YES;
				GCC_WARN_UNUSED_VARIABLE = YES;
				IPHONEOS_DEPLOYMENT_TARGET = 11.0;
				MTL_ENABLE_DEBUG_INFO = NO;
				SDKROOT = iphoneos;
				SWIFT_COMPILATION_MODE = wholemodule;
				SWIFT_OPTIMIZATION_LEVEL = "-O";
				VALIDATE_PRODUCT = YES;
			};
			name = Release;
		};
		FD418DF72070873500ED7312 /* Debug */ = {
			isa = XCBuildConfiguration;
			buildSettings = {
				ASSETCATALOG_COMPILER_APPICON_NAME = AppIcon;
				CODE_SIGN_STYLE = Automatic;
				DEVELOPMENT_TEAM = FW9N8Z45X2;
				INFOPLIST_FILE = H5Game/Info.plist;
				IPHONEOS_DEPLOYMENT_TARGET = 11.0;
				LD_RUNPATH_SEARCH_PATHS = (
					"$(inherited)",
					"@executable_path/Frameworks",
				);
				PRODUCT_BUNDLE_IDENTIFIER = com.baijiale.H5Game;
				PRODUCT_NAME = "$(TARGET_NAME)";
				SWIFT_VERSION = 4.0;
				TARGETED_DEVICE_FAMILY = "1,2";
			};
			name = Debug;
		};
		FD418DF82070873500ED7312 /* Release */ = {
			isa = XCBuildConfiguration;
			buildSettings = {
				ASSETCATALOG_COMPILER_APPICON_NAME = AppIcon;
				CODE_SIGN_STYLE = Automatic;
				DEVELOPMENT_TEAM = FW9N8Z45X2;
				INFOPLIST_FILE = H5Game/Info.plist;
				IPHONEOS_DEPLOYMENT_TARGET = 11.0;
				LD_RUNPATH_SEARCH_PATHS = (
					"$(inherited)",
					"@executable_path/Frameworks",
				);
				PRODUCT_BUNDLE_IDENTIFIER = com.baijiale.H5Game;
				PRODUCT_NAME = "$(TARGET_NAME)";
				SWIFT_VERSION = 4.0;
				TARGETED_DEVICE_FAMILY = "1,2";
			};
			name = Release;
		};
		FD418DFA2070873500ED7312 /* Debug */ = {
			isa = XCBuildConfiguration;
			buildSettings = {
				ALWAYS_EMBED_SWIFT_STANDARD_LIBRARIES = YES;
				BUNDLE_LOADER = "$(TEST_HOST)";
				CODE_SIGN_STYLE = Automatic;
				DEVELOPMENT_TEAM = FW9N8Z45X2;
				INFOPLIST_FILE = H5GameTests/Info.plist;
				LD_RUNPATH_SEARCH_PATHS = (
					"$(inherited)",
					"@executable_path/Frameworks",
					"@loader_path/Frameworks",
				);
				PRODUCT_BUNDLE_IDENTIFIER = com.baijiale.H5GameTests;
				PRODUCT_NAME = "$(TARGET_NAME)";
				SWIFT_VERSION = 4.0;
				TARGETED_DEVICE_FAMILY = "1,2";
				TEST_HOST = "$(BUILT_PRODUCTS_DIR)/H5Game.app/H5Game";
			};
			name = Debug;
		};
		FD418DFB2070873500ED7312 /* Release */ = {
			isa = XCBuildConfiguration;
			buildSettings = {
				ALWAYS_EMBED_SWIFT_STANDARD_LIBRARIES = YES;
				BUNDLE_LOADER = "$(TEST_HOST)";
				CODE_SIGN_STYLE = Automatic;
				DEVELOPMENT_TEAM = FW9N8Z45X2;
				INFOPLIST_FILE = H5GameTests/Info.plist;
				LD_RUNPATH_SEARCH_PATHS = (
					"$(inherited)",
					"@executable_path/Frameworks",
					"@loader_path/Frameworks",
				);
				PRODUCT_BUNDLE_IDENTIFIER = com.baijiale.H5GameTests;
				PRODUCT_NAME = "$(TARGET_NAME)";
				SWIFT_VERSION = 4.0;
				TARGETED_DEVICE_FAMILY = "1,2";
				TEST_HOST = "$(BUILT_PRODUCTS_DIR)/H5Game.app/H5Game";
			};
			name = Release;
		};
		FD418DFD2070873500ED7312 /* Debug */ = {
			isa = XCBuildConfiguration;
			buildSettings = {
				ALWAYS_EMBED_SWIFT_STANDARD_LIBRARIES = YES;
				CODE_SIGN_STYLE = Automatic;
				DEVELOPMENT_TEAM = FW9N8Z45X2;
				INFOPLIST_FILE = H5GameUITests/Info.plist;
				LD_RUNPATH_SEARCH_PATHS = (
					"$(inherited)",
					"@executable_path/Frameworks",
					"@loader_path/Frameworks",
				);
				PRODUCT_BUNDLE_IDENTIFIER = com.baijiale.H5GameUITests;
				PRODUCT_NAME = "$(TARGET_NAME)";
				SWIFT_VERSION = 4.0;
				TARGETED_DEVICE_FAMILY = "1,2";
				TEST_TARGET_NAME = H5Game;
			};
			name = Debug;
		};
		FD418DFE2070873500ED7312 /* Release */ = {
			isa = XCBuildConfiguration;
			buildSettings = {
				ALWAYS_EMBED_SWIFT_STANDARD_LIBRARIES = YES;
				CODE_SIGN_STYLE = Automatic;
				DEVELOPMENT_TEAM = FW9N8Z45X2;
				INFOPLIST_FILE = H5GameUITests/Info.plist;
				LD_RUNPATH_SEARCH_PATHS = (
					"$(inherited)",
					"@executable_path/Frameworks",
					"@loader_path/Frameworks",
				);
				PRODUCT_BUNDLE_IDENTIFIER = com.baijiale.H5GameUITests;
				PRODUCT_NAME = "$(TARGET_NAME)";
				SWIFT_VERSION = 4.0;
				TARGETED_DEVICE_FAMILY = "1,2";
				TEST_TARGET_NAME = H5Game;
			};
			name = Release;
		};
/* End XCBuildConfiguration section */

/* Begin XCConfigurationList section */
		FD418DC92070873300ED7312 /* Build configuration list for PBXProject "H5Game" */ = {
			isa = XCConfigurationList;
			buildConfigurations = (
				FD418DF42070873500ED7312 /* Debug */,
				FD418DF52070873500ED7312 /* Release */,
			);
			defaultConfigurationIsVisible = 0;
			defaultConfigurationName = Release;
		};
		FD418DF62070873500ED7312 /* Build configuration list for PBXNativeTarget "H5Game" */ = {
			isa = XCConfigurationList;
			buildConfigurations = (
				FD418DF72070873500ED7312 /* Debug */,
				FD418DF82070873500ED7312 /* Release */,
			);
			defaultConfigurationIsVisible = 0;
			defaultConfigurationName = Release;
		};
		FD418DF92070873500ED7312 /* Build configuration list for PBXNativeTarget "H5GameTests" */ = {
			isa = XCConfigurationList;
			buildConfigurations = (
				FD418DFA2070873500ED7312 /* Debug */,
				FD418DFB2070873500ED7312 /* Release */,
			);
			defaultConfigurationIsVisible = 0;
			defaultConfigurationName = Release;
		};
		FD418DFC2070873500ED7312 /* Build configuration list for PBXNativeTarget "H5GameUITests" */ = {
			isa = XCConfigurationList;
			buildConfigurations = (
				FD418DFD2070873500ED7312 /* Debug */,
				FD418DFE2070873500ED7312 /* Release */,
			);
			defaultConfigurationIsVisible = 0;
			defaultConfigurationName = Release;
		};
/* End XCConfigurationList section */
	};
	rootObject = FD418DC62070873300ED7312 /* Project object */;
}
